
Microsoft Visual Studio Solution File, Format Version 12.00
# Visual Studio Version 17
VisualStudioVersion = 17.10.35027.167
MinimumVisualStudioVersion = 10.0.40219.1
Project("{FAE04EC0-301F-11D3-BF4B-00C04F79EFBC}") = "While_Ejercicio14", "While_Ejercicio14\While_Ejercicio14.csproj", "{2D9CEC6C-166B-4283-99F9-5AD10EC49496}"
EndProject
Global
	GlobalSection(SolutionConfigurationPlatforms) = preSolution
		Debug|Any CPU = Debug|Any CPU
		Release|Any CPU = Release|Any CPU
	EndGlobalSection
	GlobalSection(ProjectConfigurationPlatforms) = postSolution
		{2D9CEC6C-166B-4283-99F9-5AD10EC49496}.Debug|Any CPU.ActiveCfg = Debug|Any CPU
		{2D9CEC6C-166B-4283-99F9-5AD10EC49496}.Debug|Any CPU.Build.0 = Debug|Any CPU
		{2D9CEC6C-166B-4283-99F9-5AD10EC49496}.Release|Any CPU.ActiveCfg = Release|Any CPU
		{2D9CEC6C-166B-4283-99F9-5AD10EC49496}.Release|Any CPU.Build.0 = Release|Any CPU
	EndGlobalSection
	GlobalSection(SolutionProperties) = preSolution
		HideSolutionNode = FALSE
	EndGlobalSection
	GlobalSection(ExtensibilityGlobals) = postSolution
		SolutionGuid = {D277C0A8-C1DF-4961-B51F-51DA69991455}
	EndGlobalSection
EndGlobal
